# This file was autogenerated by Stack.
# You should not edit this file by hand.
# For more information, please see the documentation at:
#   https://docs.haskellstack.org/en/stable/lock_files

packages:
- completed:
    hackage: algolia-0.1.0.0@sha256:54bdecaee2baac133ed5df08a799ab6949ccb6471ce713847b2916212fe2f582,2238
    pantry-tree:
      size: 771
      sha256: 0a875df20a51156b1a67dea0701278d32476567eeb14eff1f9722ce511831162
  original:
    hackage: algolia-0.1.0.0
snapshots:
- completed:
    size: 524996
    url: https://raw.githubusercontent.com/commercialhaskell/stackage-snapshots/master/lts/14/27.yaml
    sha256: 7ea31a280c56bf36ff591a7397cc384d0dff622e7f9e4225b47d8980f019a0f0
  original: lts-14.27
